
Microsoft Visual Studio Solution File, Format Version 12.00
# Visual Studio Version 16
VisualStudioVersion = 16.0.29911.98
MinimumVisualStudioVersion = 10.0.40219.1
Project("{F2A71F9B-5D33-465A-A702-920D77279786}") = "WebSharper.Owin.WebSocket", "WebSharper.Owin.WebSocket\WebSharper.Owin.WebSocket.fsproj", "{7561E844-3C13-446E-BBF0-000C0030CF9E}"
EndProject
Project("{F2A71F9B-5D33-465A-A702-920D77279786}") = "WebSharper.Owin.WebSocket.Test", "WebSharper.Owin.WebSocket.Test\WebSharper.Owin.WebSocket.Test.fsproj", "{97185975-8B4B-4814-938B-21BCE50A8875}"
EndProject
Project("{F2A71F9B-5D33-465A-A702-920D77279786}") = "WebSharper.Owin.WebSocket.AspNet.Test", "WebSharper.Owin.WebSocket.AspNet.Test\WebSharper.Owin.WebSocket.AspNet.Test.fsproj", "{97A76E2F-C8E8-4E41-ADD4-58580C9D48FE}"
EndProject
Project("{F2A71F9B-5D33-465A-A702-920D77279786}") = "WebSharper.Owin.WebSocket.Test2", "WebSharper.Owin.WebSocket.Test2\WebSharper.Owin.WebSocket.Test2.fsproj", "{9831BAE8-0AB5-41D9-B6DF-AC1650B9B682}"
EndProject
Project("{FAE04EC0-301F-11D3-BF4B-00C04F79EFBC}") = "Owin.WebSocket1", "Owin.WebSocket1\Owin.WebSocket1.csproj", "{B1D742F7-39FA-498C-B22E-1A7A61C301E7}"
EndProject
Project("{9A19103F-16F7-4668-BE54-9A1E7A4F7556}") = "Owin.WebSocket", "Owin.WebSocket\Owin.WebSocket.csproj", "{9AD94815-2025-46C2-B6E2-2508C1A779E9}"
EndProject
Project("{F2A71F9B-5D33-465A-A702-920D77279786}") = "ws48", "ws48\ws48.fsproj", "{60304F36-0930-43F3-96F4-4F9C9B2A2D7B}"
EndProject
Project("{6EC3EE1D-3C4E-46DD-8F32-0CC8E7565705}") = "testPath", "testPath\testPath.fsproj", "{3CE4CA89-28A8-4D19-B72B-03B0E266390C}"
EndProject
Project("{6EC3EE1D-3C4E-46DD-8F32-0CC8E7565705}") = "ClientServer", "ClientServer\ClientServer.fsproj", "{85BD8BF3-F465-4E11-A2DE-6913792B11EF}"
EndProject
Project("{6EC3EE1D-3C4E-46DD-8F32-0CC8E7565705}") = "replution", "Z:\f-\replution\replution.fsproj", "{1CC01D50-C843-4B68-85C6-C21BF3F74596}"
EndProject
Project("{6EC3EE1D-3C4E-46DD-8F32-0CC8E7565705}") = "replution142", "replution142\replution142.fsproj", "{6A1561C6-0A49-4B59-8215-09A07A3098C9}"
EndProject
Global
	GlobalSection(SolutionConfigurationPlatforms) = preSolution
		Debug|Any CPU = Debug|Any CPU
		Release|Any CPU = Release|Any CPU
	EndGlobalSection
	GlobalSection(ProjectConfigurationPlatforms) = postSolution
		{7561E844-3C13-446E-BBF0-000C0030CF9E}.Debug|Any CPU.ActiveCfg = Debug|Any CPU
		{7561E844-3C13-446E-BBF0-000C0030CF9E}.Debug|Any CPU.Build.0 = Debug|Any CPU
		{7561E844-3C13-446E-BBF0-000C0030CF9E}.Release|Any CPU.ActiveCfg = Release|Any CPU
		{7561E844-3C13-446E-BBF0-000C0030CF9E}.Release|Any CPU.Build.0 = Release|Any CPU
		{97185975-8B4B-4814-938B-21BCE50A8875}.Debug|Any CPU.ActiveCfg = Debug|Any CPU
		{97185975-8B4B-4814-938B-21BCE50A8875}.Debug|Any CPU.Build.0 = Debug|Any CPU
		{97185975-8B4B-4814-938B-21BCE50A8875}.Release|Any CPU.ActiveCfg = Release|Any CPU
		{97185975-8B4B-4814-938B-21BCE50A8875}.Release|Any CPU.Build.0 = Release|Any CPU
		{97A76E2F-C8E8-4E41-ADD4-58580C9D48FE}.Debug|Any CPU.ActiveCfg = Debug|Any CPU
		{97A76E2F-C8E8-4E41-ADD4-58580C9D48FE}.Debug|Any CPU.Build.0 = Debug|Any CPU
		{97A76E2F-C8E8-4E41-ADD4-58580C9D48FE}.Release|Any CPU.ActiveCfg = Release|Any CPU
		{97A76E2F-C8E8-4E41-ADD4-58580C9D48FE}.Release|Any CPU.Build.0 = Release|Any CPU
		{9831BAE8-0AB5-41D9-B6DF-AC1650B9B682}.Debug|Any CPU.ActiveCfg = Debug|Any CPU
		{9831BAE8-0AB5-41D9-B6DF-AC1650B9B682}.Release|Any CPU.ActiveCfg = Release|Any CPU
		{9831BAE8-0AB5-41D9-B6DF-AC1650B9B682}.Release|Any CPU.Build.0 = Release|Any CPU
		{B1D742F7-39FA-498C-B22E-1A7A61C301E7}.Debug|Any CPU.ActiveCfg = Debug|Any CPU
		{B1D742F7-39FA-498C-B22E-1A7A61C301E7}.Release|Any CPU.ActiveCfg = Release|Any CPU
		{B1D742F7-39FA-498C-B22E-1A7A61C301E7}.Release|Any CPU.Build.0 = Release|Any CPU
		{9AD94815-2025-46C2-B6E2-2508C1A779E9}.Debug|Any CPU.ActiveCfg = Debug|Any CPU
		{9AD94815-2025-46C2-B6E2-2508C1A779E9}.Debug|Any CPU.Build.0 = Debug|Any CPU
		{9AD94815-2025-46C2-B6E2-2508C1A779E9}.Release|Any CPU.ActiveCfg = Release|Any CPU
		{9AD94815-2025-46C2-B6E2-2508C1A779E9}.Release|Any CPU.Build.0 = Release|Any CPU
		{60304F36-0930-43F3-96F4-4F9C9B2A2D7B}.Debug|Any CPU.ActiveCfg = Debug|Any CPU
		{60304F36-0930-43F3-96F4-4F9C9B2A2D7B}.Release|Any CPU.ActiveCfg = Release|Any CPU
		{60304F36-0930-43F3-96F4-4F9C9B2A2D7B}.Release|Any CPU.Build.0 = Release|Any CPU
		{3CE4CA89-28A8-4D19-B72B-03B0E266390C}.Debug|Any CPU.ActiveCfg = Debug|Any CPU
		{3CE4CA89-28A8-4D19-B72B-03B0E266390C}.Debug|Any CPU.Build.0 = Debug|Any CPU
		{3CE4CA89-28A8-4D19-B72B-03B0E266390C}.Release|Any CPU.ActiveCfg = Release|Any CPU
		{3CE4CA89-28A8-4D19-B72B-03B0E266390C}.Release|Any CPU.Build.0 = Release|Any CPU
		{85BD8BF3-F465-4E11-A2DE-6913792B11EF}.Debug|Any CPU.ActiveCfg = Debug|Any CPU
		{85BD8BF3-F465-4E11-A2DE-6913792B11EF}.Debug|Any CPU.Build.0 = Debug|Any CPU
		{85BD8BF3-F465-4E11-A2DE-6913792B11EF}.Release|Any CPU.ActiveCfg = Release|Any CPU
		{85BD8BF3-F465-4E11-A2DE-6913792B11EF}.Release|Any CPU.Build.0 = Release|Any CPU
		{1CC01D50-C843-4B68-85C6-C21BF3F74596}.Debug|Any CPU.ActiveCfg = Debug|Any CPU
		{1CC01D50-C843-4B68-85C6-C21BF3F74596}.Debug|Any CPU.Build.0 = Debug|Any CPU
		{1CC01D50-C843-4B68-85C6-C21BF3F74596}.Release|Any CPU.ActiveCfg = Release|Any CPU
		{1CC01D50-C843-4B68-85C6-C21BF3F74596}.Release|Any CPU.Build.0 = Release|Any CPU
		{6A1561C6-0A49-4B59-8215-09A07A3098C9}.Debug|Any CPU.ActiveCfg = Debug|Any CPU
		{6A1561C6-0A49-4B59-8215-09A07A3098C9}.Debug|Any CPU.Build.0 = Debug|Any CPU
		{6A1561C6-0A49-4B59-8215-09A07A3098C9}.Release|Any CPU.ActiveCfg = Release|Any CPU
		{6A1561C6-0A49-4B59-8215-09A07A3098C9}.Release|Any CPU.Build.0 = Release|Any CPU
	EndGlobalSection
	GlobalSection(SolutionProperties) = preSolution
		HideSolutionNode = FALSE
	EndGlobalSection
	GlobalSection(ExtensibilityGlobals) = postSolution
		SolutionGuid = {1593BEFE-CF95-4CC1-8133-4FCDC1D4E37A}
	EndGlobalSection
EndGlobal
